
Microsoft Visual Studio Solution File, Format Version 12.00
# Visual Studio Version 17
VisualStudioVersion = 17.8.34330.188
MinimumVisualStudioVersion = 10.0.40219.1
Project("{FAE04EC0-301F-11D3-BF4B-00C04F79EFBC}") = "SchoolProject", "SchoolProject\SchoolProject.csproj", "{EE27AC84-5A30-4BE5-8E86-927B02A3605C}"
EndProject
Global
	GlobalSection(SolutionConfigurationPlatforms) = preSolution
		Debug|Any CPU = Debug|Any CPU
		Release|Any CPU = Release|Any CPU
	EndGlobalSection
	GlobalSection(ProjectConfigurationPlatforms) = postSolution
		{EE27AC84-5A30-4BE5-8E86-927B02A3605C}.Debug|Any CPU.ActiveCfg = Debug|Any CPU
		{EE27AC84-5A30-4BE5-8E86-927B02A3605C}.Debug|Any CPU.Build.0 = Debug|Any CPU
		{EE27AC84-5A30-4BE5-8E86-927B02A3605C}.Release|Any CPU.ActiveCfg = Release|Any CPU
		{EE27AC84-5A30-4BE5-8E86-927B02A3605C}.Release|Any CPU.Build.0 = Release|Any CPU
	EndGlobalSection
	GlobalSection(SolutionProperties) = preSolution
		HideSolutionNode = FALSE
	EndGlobalSection
	GlobalSection(ExtensibilityGlobals) = postSolution
		SolutionGuid = {15DD7FFD-0BD0-4BF9-A34D-3F264CDCF310}
	EndGlobalSection
EndGlobal
